// !$*UTF8*$!
{
	archiveVersion = 1;
	classes = {
	};
	objectVersion = 48;
	objects = {

/* Begin PBXBuildFile section */
		643418FF1F42E16700928A5E /* AuthService.swift in Sources */ = {isa = PBXBuildFile; fileRef = 643418FE1F42E16700928A5E /* AuthService.swift */; };
		643419011F42ED2C00928A5E /* RoundedButton.swift in Sources */ = {isa = PBXBuildFile; fileRef = 643419001F42ED2C00928A5E /* RoundedButton.swift */; };
		64BD8F5D1F41964600C6BCA9 /* ChatVC.swift in Sources */ = {isa = PBXBuildFile; fileRef = 64BD8F5C1F41964600C6BCA9 /* ChatVC.swift */; };
		64BD8F5F1F41965C00C6BCA9 /* ChannelVC.swift in Sources */ = {isa = PBXBuildFile; fileRef = 64BD8F5E1F41965C00C6BCA9 /* ChannelVC.swift */; };
		64BD8F601F419A0D00C6BCA9 /* SWRevealViewController.m in Sources */ = {isa = PBXBuildFile; fileRef = 64BD8F571F41918500C6BCA9 /* SWRevealViewController.m */; };
		64BD8F621F429F8A00C6BCA9 /* GradientView.swift in Sources */ = {isa = PBXBuildFile; fileRef = 64BD8F611F429F8A00C6BCA9 /* GradientView.swift */; };
		64BD8F651F42ABB700C6BCA9 /* Constants.swift in Sources */ = {isa = PBXBuildFile; fileRef = 64BD8F641F42ABB700C6BCA9 /* Constants.swift */; };
		64BD8F671F42ACD600C6BCA9 /* LoginVC.swift in Sources */ = {isa = PBXBuildFile; fileRef = 64BD8F661F42ACD600C6BCA9 /* LoginVC.swift */; };
		64BD8F691F42AE8800C6BCA9 /* CreateAccountVC.swift in Sources */ = {isa = PBXBuildFile; fileRef = 64BD8F681F42AE8800C6BCA9 /* CreateAccountVC.swift */; };
		64CB494C1F41898D00346935 /* AppDelegate.swift in Sources */ = {isa = PBXBuildFile; fileRef = 64CB494B1F41898D00346935 /* AppDelegate.swift */; };
		64CB49511F41898D00346935 /* Main.storyboard in Resources */ = {isa = PBXBuildFile; fileRef = 64CB494F1F41898D00346935 /* Main.storyboard */; };
		64CB49531F41898D00346935 /* Assets.xcassets in Resources */ = {isa = PBXBuildFile; fileRef = 64CB49521F41898D00346935 /* Assets.xcassets */; };
		64CB49561F41898D00346935 /* LaunchScreen.storyboard in Resources */ = {isa = PBXBuildFile; fileRef = 64CB49541F41898D00346935 /* LaunchScreen.storyboard */; };
		FA603D6CE2B39FD20A256464 /* Pods_Smack.framework in Frameworks */ = {isa = PBXBuildFile; fileRef = D7B2C3EC127A5D11A93FC800 /* Pods_Smack.framework */; };
/* End PBXBuildFile section */

/* Begin PBXFileReference section */
		643418FE1F42E16700928A5E /* AuthService.swift */ = {isa = PBXFileReference; lastKnownFileType = sourcecode.swift; path = AuthService.swift; sourceTree = "<group>"; };
		643419001F42ED2C00928A5E /* RoundedButton.swift */ = {isa = PBXFileReference; lastKnownFileType = sourcecode.swift; path = RoundedButton.swift; sourceTree = "<group>"; };
		64BD8F561F41918400C6BCA9 /* Smack-Bridging-Header.h */ = {isa = PBXFileReference; lastKnownFileType = sourcecode.c.h; path = "Smack-Bridging-Header.h"; sourceTree = "<group>"; };
		64BD8F571F41918500C6BCA9 /* SWRevealViewController.m */ = {isa = PBXFileReference; lastKnownFileType = sourcecode.c.objc; path = SWRevealViewController.m; sourceTree = "<group>"; };
		64BD8F581F41918500C6BCA9 /* SWRevealViewController.h */ = {isa = PBXFileReference; lastKnownFileType = sourcecode.c.h; path = SWRevealViewController.h; sourceTree = "<group>"; };
		64BD8F5C1F41964600C6BCA9 /* ChatVC.swift */ = {isa = PBXFileReference; lastKnownFileType = sourcecode.swift; path = ChatVC.swift; sourceTree = "<group>"; };
		64BD8F5E1F41965C00C6BCA9 /* ChannelVC.swift */ = {isa = PBXFileReference; lastKnownFileType = sourcecode.swift; path = ChannelVC.swift; sourceTree = "<group>"; };
		64BD8F611F429F8A00C6BCA9 /* GradientView.swift */ = {isa = PBXFileReference; lastKnownFileType = sourcecode.swift; path = GradientView.swift; sourceTree = "<group>"; };
		64BD8F641F42ABB700C6BCA9 /* Constants.swift */ = {isa = PBXFileReference; lastKnownFileType = sourcecode.swift; path = Constants.swift; sourceTree = "<group>"; };
		64BD8F661F42ACD600C6BCA9 /* LoginVC.swift */ = {isa = PBXFileReference; lastKnownFileType = sourcecode.swift; path = LoginVC.swift; sourceTree = "<group>"; };
		64BD8F681F42AE8800C6BCA9 /* CreateAccountVC.swift */ = {isa = PBXFileReference; lastKnownFileType = sourcecode.swift; path = CreateAccountVC.swift; sourceTree = "<group>"; };
		64CB49481F41898D00346935 /* Smack.app */ = {isa = PBXFileReference; explicitFileType = wrapper.application; includeInIndex = 0; path = Smack.app; sourceTree = BUILT_PRODUCTS_DIR; };
		64CB494B1F41898D00346935 /* AppDelegate.swift */ = {isa = PBXFileReference; lastKnownFileType = sourcecode.swift; path = AppDelegate.swift; sourceTree = "<group>"; };
		64CB49501F41898D00346935 /* Base */ = {isa = PBXFileReference; lastKnownFileType = file.storyboard; name = Base; path = Base.lproj/Main.storyboard; sourceTree = "<group>"; };
		64CB49521F41898D00346935 /* Assets.xcassets */ = {isa = PBXFileReference; lastKnownFileType = folder.assetcatalog; path = Assets.xcassets; sourceTree = "<group>"; };
		64CB49551F41898D00346935 /* Base */ = {isa = PBXFileReference; lastKnownFileType = file.storyboard; name = Base; path = Base.lproj/LaunchScreen.storyboard; sourceTree = "<group>"; };
		64CB49571F41898D00346935 /* Info.plist */ = {isa = PBXFileReference; lastKnownFileType = text.plist.xml; path = Info.plist; sourceTree = "<group>"; };
		6FC6499E6341076545B7C581 /* Pods-Smack.debug.xcconfig */ = {isa = PBXFileReference; includeInIndex = 1; lastKnownFileType = text.xcconfig; name = "Pods-Smack.debug.xcconfig"; path = "Pods/Target Support Files/Pods-Smack/Pods-Smack.debug.xcconfig"; sourceTree = "<group>"; };
		D7B2C3EC127A5D11A93FC800 /* Pods_Smack.framework */ = {isa = PBXFileReference; explicitFileType = wrapper.framework; includeInIndex = 0; path = Pods_Smack.framework; sourceTree = BUILT_PRODUCTS_DIR; };
		F9DE1B26F07F5167FAD9E077 /* Pods-Smack.release.xcconfig */ = {isa = PBXFileReference; includeInIndex = 1; lastKnownFileType = text.xcconfig; name = "Pods-Smack.release.xcconfig"; path = "Pods/Target Support Files/Pods-Smack/Pods-Smack.release.xcconfig"; sourceTree = "<group>"; };
/* End PBXFileReference section */

/* Begin PBXFrameworksBuildPhase section */
		64CB49451F41898D00346935 /* Frameworks */ = {
			isa = PBXFrameworksBuildPhase;
			buildActionMask = 2147483647;
			files = (
				FA603D6CE2B39FD20A256464 /* Pods_Smack.framework in Frameworks */,
			);
			runOnlyForDeploymentPostprocessing = 0;
		};
/* End PBXFrameworksBuildPhase section */

/* Begin PBXGroup section */
		643418FD1F42E14E00928A5E /* Services */ = {
			isa = PBXGroup;
			children = (
				643418FE1F42E16700928A5E /* AuthService.swift */,
			);
			path = Services;
			sourceTree = "<group>";
		};
		64BD8F551F41914000C6BCA9 /* Supporting Files */ = {
			isa = PBXGroup;
			children = (
				64BD8F581F41918500C6BCA9 /* SWRevealViewController.h */,
				64BD8F571F41918500C6BCA9 /* SWRevealViewController.m */,
				64BD8F561F41918400C6BCA9 /* Smack-Bridging-Header.h */,
			);
			path = "Supporting Files";
			sourceTree = "<group>";
		};
		64BD8F591F41960300C6BCA9 /* Controller */ = {
			isa = PBXGroup;
			children = (
				64BD8F5C1F41964600C6BCA9 /* ChatVC.swift */,
				64BD8F5E1F41965C00C6BCA9 /* ChannelVC.swift */,
				64BD8F661F42ACD600C6BCA9 /* LoginVC.swift */,
				64BD8F681F42AE8800C6BCA9 /* CreateAccountVC.swift */,
			);
			path = Controller;
			sourceTree = "<group>";
		};
		64BD8F5A1F41960D00C6BCA9 /* Model */ = {
			isa = PBXGroup;
			children = (
			);
			path = Model;
			sourceTree = "<group>";
		};
		64BD8F5B1F41961700C6BCA9 /* View */ = {
			isa = PBXGroup;
			children = (
				64BD8F611F429F8A00C6BCA9 /* GradientView.swift */,
				643419001F42ED2C00928A5E /* RoundedButton.swift */,
			);
			path = View;
			sourceTree = "<group>";
		};
		64BD8F631F42AB9B00C6BCA9 /* Utillieties */ = {
			isa = PBXGroup;
			children = (
				64BD8F641F42ABB700C6BCA9 /* Constants.swift */,
			);
			path = Utillieties;
			sourceTree = "<group>";
		};
		64CB493F1F41898D00346935 = {
			isa = PBXGroup;
			children = (
				64BD8F551F41914000C6BCA9 /* Supporting Files */,
				64CB494A1F41898D00346935 /* Smack */,
				64CB49491F41898D00346935 /* Products */,
				E460769A9C243D653B6DC937 /* Pods */,
				FF3DB31613BC34C439320A39 /* Frameworks */,
			);
			sourceTree = "<group>";
		};
		64CB49491F41898D00346935 /* Products */ = {
			isa = PBXGroup;
			children = (
				64CB49481F41898D00346935 /* Smack.app */,
			);
			name = Products;
			sourceTree = "<group>";
		};
		64CB494A1F41898D00346935 /* Smack */ = {
			isa = PBXGroup;
			children = (
				643418FD1F42E14E00928A5E /* Services */,
				64BD8F631F42AB9B00C6BCA9 /* Utillieties */,
				64BD8F5B1F41961700C6BCA9 /* View */,
				64BD8F5A1F41960D00C6BCA9 /* Model */,
				64BD8F591F41960300C6BCA9 /* Controller */,
				64CB494B1F41898D00346935 /* AppDelegate.swift */,
				64CB494F1F41898D00346935 /* Main.storyboard */,
				64CB49521F41898D00346935 /* Assets.xcassets */,
				64CB49541F41898D00346935 /* LaunchScreen.storyboard */,
				64CB49571F41898D00346935 /* Info.plist */,
			);
			path = Smack;
			sourceTree = "<group>";
		};
		E460769A9C243D653B6DC937 /* Pods */ = {
			isa = PBXGroup;
			children = (
				6FC6499E6341076545B7C581 /* Pods-Smack.debug.xcconfig */,
				F9DE1B26F07F5167FAD9E077 /* Pods-Smack.release.xcconfig */,
			);
			name = Pods;
			sourceTree = "<group>";
		};
		FF3DB31613BC34C439320A39 /* Frameworks */ = {
			isa = PBXGroup;
			children = (
				D7B2C3EC127A5D11A93FC800 /* Pods_Smack.framework */,
			);
			name = Frameworks;
			sourceTree = "<group>";
		};
/* End PBXGroup section */

/* Begin PBXNativeTarget section */
		64CB49471F41898D00346935 /* Smack */ = {
			isa = PBXNativeTarget;
			buildConfigurationList = 64CB495A1F41898D00346935 /* Build configuration list for PBXNativeTarget "Smack" */;
			buildPhases = (
				9F2ABA73AEC10DBDFF148609 /* [CP] Check Pods Manifest.lock */,
				64CB49441F41898D00346935 /* Sources */,
				64CB49451F41898D00346935 /* Frameworks */,
				64CB49461F41898D00346935 /* Resources */,
				591C1B66417720A76A6E61D0 /* [CP] Embed Pods Frameworks */,
				BD463A68529954DFBD2E082C /* [CP] Copy Pods Resources */,
			);
			buildRules = (
			);
			dependencies = (
			);
			name = Smack;
			productName = Smack;
			productReference = 64CB49481F41898D00346935 /* Smack.app */;
			productType = "com.apple.product-type.application";
		};
/* End PBXNativeTarget section */

/* Begin PBXProject section */
		64CB49401F41898D00346935 /* Project object */ = {
			isa = PBXProject;
			attributes = {
				LastSwiftUpdateCheck = 0900;
				LastUpgradeCheck = 0900;
				ORGANIZATIONNAME = "kitiwat chanluthin";
				TargetAttributes = {
					64CB49471F41898D00346935 = {
						CreatedOnToolsVersion = 9.0;
						LastSwiftMigration = 0900;
					};
				};
			};
			buildConfigurationList = 64CB49431F41898D00346935 /* Build configuration list for PBXProject "Smack" */;
			compatibilityVersion = "Xcode 8.0";
			developmentRegion = en;
			hasScannedForEncodings = 0;
			knownRegions = (
				en,
				Base,
			);
			mainGroup = 64CB493F1F41898D00346935;
			productRefGroup = 64CB49491F41898D00346935 /* Products */;
			projectDirPath = "";
			projectRoot = "";
			targets = (
				64CB49471F41898D00346935 /* Smack */,
			);
		};
/* End PBXProject section */

/* Begin PBXResourcesBuildPhase section */
		64CB49461F41898D00346935 /* Resources */ = {
			isa = PBXResourcesBuildPhase;
			buildActionMask = 2147483647;
			files = (
				64CB49561F41898D00346935 /* LaunchScreen.storyboard in Resources */,
				64CB49531F41898D00346935 /* Assets.xcassets in Resources */,
				64CB49511F41898D00346935 /* Main.storyboard in Resources */,
			);
			runOnlyForDeploymentPostprocessing = 0;
		};
/* End PBXResourcesBuildPhase section */

/* Begin PBXShellScriptBuildPhase section */
		591C1B66417720A76A6E61D0 /* [CP] Embed Pods Frameworks */ = {
			isa = PBXShellScriptBuildPhase;
			buildActionMask = 2147483647;
			files = (
			);
			inputPaths = (
				"${SRCROOT}/Pods/Target Support Files/Pods-Smack/Pods-Smack-frameworks.sh",
				"${BUILT_PRODUCTS_DIR}/Alamofire/Alamofire.framework",
				"${BUILT_PRODUCTS_DIR}/Socket.IO-Client-Swift/SocketIO.framework",
				"${BUILT_PRODUCTS_DIR}/StarscreamSocketIO/StarscreamSocketIO.framework",
				"${BUILT_PRODUCTS_DIR}/SwiftyJSON/SwiftyJSON.framework",
			);
			name = "[CP] Embed Pods Frameworks";
			outputPaths = (
				"${TARGET_BUILD_DIR}/${FRAMEWORKS_FOLDER_PATH}/Alamofire.framework",
				"${TARGET_BUILD_DIR}/${FRAMEWORKS_FOLDER_PATH}/SocketIO.framework",
				"${TARGET_BUILD_DIR}/${FRAMEWORKS_FOLDER_PATH}/StarscreamSocketIO.framework",
				"${TARGET_BUILD_DIR}/${FRAMEWORKS_FOLDER_PATH}/SwiftyJSON.framework",
			);
			runOnlyForDeploymentPostprocessing = 0;
			shellPath = /bin/sh;
			shellScript = "\"${SRCROOT}/Pods/Target Support Files/Pods-Smack/Pods-Smack-frameworks.sh\"\n";
			showEnvVarsInLog = 0;
		};
		9F2ABA73AEC10DBDFF148609 /* [CP] Check Pods Manifest.lock */ = {
			isa = PBXShellScriptBuildPhase;
			buildActionMask = 2147483647;
			files = (
			);
			inputPaths = (
				"${PODS_PODFILE_DIR_PATH}/Podfile.lock",
				"${PODS_ROOT}/Manifest.lock",
			);
			name = "[CP] Check Pods Manifest.lock";
			outputPaths = (
				"$(DERIVED_FILE_DIR)/Pods-Smack-checkManifestLockResult.txt",
			);
			runOnlyForDeploymentPostprocessing = 0;
			shellPath = /bin/sh;
			shellScript = "diff \"${PODS_PODFILE_DIR_PATH}/Podfile.lock\" \"${PODS_ROOT}/Manifest.lock\" > /dev/null\nif [ $? != 0 ] ; then\n    # print error to STDERR\n    echo \"error: The sandbox is not in sync with the Podfile.lock. Run 'pod install' or update your CocoaPods installation.\" >&2\n    exit 1\nfi\n# This output is used by Xcode 'outputs' to avoid re-running this script phase.\necho \"SUCCESS\" > \"${SCRIPT_OUTPUT_FILE_0}\"\n";
			showEnvVarsInLog = 0;
		};
		BD463A68529954DFBD2E082C /* [CP] Copy Pods Resources */ = {
			isa = PBXShellScriptBuildPhase;
			buildActionMask = 2147483647;
			files = (
			);
			inputPaths = (
			);
			name = "[CP] Copy Pods Resources";
			outputPaths = (
			);
			runOnlyForDeploymentPostprocessing = 0;
			shellPath = /bin/sh;
			shellScript = "\"${SRCROOT}/Pods/Target Support Files/Pods-Smack/Pods-Smack-resources.sh\"\n";
			showEnvVarsInLog = 0;
		};
/* End PBXShellScriptBuildPhase section */

/* Begin PBXSourcesBuildPhase section */
		64CB49441F41898D00346935 /* Sources */ = {
			isa = PBXSourcesBuildPhase;
			buildActionMask = 2147483647;
			files = (
				64BD8F5D1F41964600C6BCA9 /* ChatVC.swift in Sources */,
				643419011F42ED2C00928A5E /* RoundedButton.swift in Sources */,
				64BD8F5F1F41965C00C6BCA9 /* ChannelVC.swift in Sources */,
				64BD8F691F42AE8800C6BCA9 /* CreateAccountVC.swift in Sources */,
				643418FF1F42E16700928A5E /* AuthService.swift in Sources */,
				64BD8F671F42ACD600C6BCA9 /* LoginVC.swift in Sources */,
				64BD8F621F429F8A00C6BCA9 /* GradientView.swift in Sources */,
				64CB494C1F41898D00346935 /* AppDelegate.swift in Sources */,
				64BD8F601F419A0D00C6BCA9 /* SWRevealViewController.m in Sources */,
				64BD8F651F42ABB700C6BCA9 /* Constants.swift in Sources */,
			);
			runOnlyForDeploymentPostprocessing = 0;
		};
/* End PBXSourcesBuildPhase section */

/* Begin PBXVariantGroup section */
		64CB494F1F41898D00346935 /* Main.storyboard */ = {
			isa = PBXVariantGroup;
			children = (
				64CB49501F41898D00346935 /* Base */,
			);
			name = Main.storyboard;
			sourceTree = "<group>";
		};
		64CB49541F41898D00346935 /* LaunchScreen.storyboard */ = {
			isa = PBXVariantGroup;
			children = (
				64CB49551F41898D00346935 /* Base */,
			);
			name = LaunchScreen.storyboard;
			sourceTree = "<group>";
		};
/* End PBXVariantGroup section */

/* Begin XCBuildConfiguration section */
		64CB49581F41898D00346935 /* Debug */ = {
			isa = XCBuildConfiguration;
			buildSettings = {
				ALWAYS_SEARCH_USER_PATHS = NO;
				CLANG_ANALYZER_NONNULL = YES;
				CLANG_ANALYZER_NUMBER_OBJECT_CONVERSION = YES_AGGRESSIVE;
				CLANG_CXX_LANGUAGE_STANDARD = "gnu++14";
				CLANG_CXX_LIBRARY = "libc++";
				CLANG_ENABLE_MODULES = YES;
				CLANG_ENABLE_OBJC_ARC = YES;
				CLANG_WARN_BLOCK_CAPTURE_AUTORELEASING = YES;
				CLANG_WARN_BOOL_CONVERSION = YES;
				CLANG_WARN_COMMA = YES;
				CLANG_WARN_CONSTANT_CONVERSION = YES;
				CLANG_WARN_DIRECT_OBJC_ISA_USAGE = YES_ERROR;
				CLANG_WARN_DOCUMENTATION_COMMENTS = YES;
				CLANG_WARN_EMPTY_BODY = YES;
				CLANG_WARN_ENUM_CONVERSION = YES;
				CLANG_WARN_INFINITE_RECURSION = YES;
				CLANG_WARN_INT_CONVERSION = YES;
				CLANG_WARN_NON_LITERAL_NULL_CONVERSION = YES;
				CLANG_WARN_OBJC_LITERAL_CONVERSION = YES;
				CLANG_WARN_OBJC_ROOT_CLASS = YES_ERROR;
				CLANG_WARN_RANGE_LOOP_ANALYSIS = YES;
				CLANG_WARN_STRICT_PROTOTYPES = YES;
				CLANG_WARN_SUSPICIOUS_MOVE = YES;
				CLANG_WARN_UNGUARDED_AVAILABILITY = YES_AGGRESSIVE;
				CLANG_WARN_UNREACHABLE_CODE = YES;
				CLANG_WARN__DUPLICATE_METHOD_MATCH = YES;
				CODE_SIGN_IDENTITY = "iPhone Developer";
				COPY_PHASE_STRIP = NO;
				DEBUG_INFORMATION_FORMAT = dwarf;
				ENABLE_STRICT_OBJC_MSGSEND = YES;
				ENABLE_TESTABILITY = YES;
				GCC_C_LANGUAGE_STANDARD = gnu11;
				GCC_DYNAMIC_NO_PIC = NO;
				GCC_NO_COMMON_BLOCKS = YES;
				GCC_OPTIMIZATION_LEVEL = 0;
				GCC_PREPROCESSOR_DEFINITIONS = (
					"DEBUG=1",
					"$(inherited)",
				);
				GCC_WARN_64_TO_32_BIT_CONVERSION = YES;
				GCC_WARN_ABOUT_RETURN_TYPE = YES_ERROR;
				GCC_WARN_UNDECLARED_SELECTOR = YES;
				GCC_WARN_UNINITIALIZED_AUTOS = YES_AGGRESSIVE;
				GCC_WARN_UNUSED_FUNCTION = YES;
				GCC_WARN_UNUSED_VARIABLE = YES;
				IPHONEOS_DEPLOYMENT_TARGET = 11.0;
				MTL_ENABLE_DEBUG_INFO = YES;
				ONLY_ACTIVE_ARCH = YES;
				SDKROOT = iphoneos;
				SWIFT_ACTIVE_COMPILATION_CONDITIONS = DEBUG;
				SWIFT_OPTIMIZATION_LEVEL = "-Onone";
			};
			name = Debug;
		};
		64CB49591F41898D00346935 /* Release */ = {
			isa = XCBuildConfiguration;
			buildSettings = {
				ALWAYS_SEARCH_USER_PATHS = NO;
				CLANG_ANALYZER_NONNULL = YES;
				CLANG_ANALYZER_NUMBER_OBJECT_CONVERSION = YES_AGGRESSIVE;
				CLANG_CXX_LANGUAGE_STANDARD = "gnu++14";
				CLANG_CXX_LIBRARY = "libc++";
				CLANG_ENABLE_MODULES = YES;
				CLANG_ENABLE_OBJC_ARC = YES;
				CLANG_WARN_BLOCK_CAPTURE_AUTORELEASING = YES;
				CLANG_WARN_BOOL_CONVERSION = YES;
				CLANG_WARN_COMMA = YES;
				CLANG_WARN_CONSTANT_CONVERSION = YES;
				CLANG_WARN_DIRECT_OBJC_ISA_USAGE = YES_ERROR;
				CLANG_WARN_DOCUMENTATION_COMMENTS = YES;
				CLANG_WARN_EMPTY_BODY = YES;
				CLANG_WARN_ENUM_CONVERSION = YES;
				CLANG_WARN_INFINITE_RECURSION = YES;
				CLANG_WARN_INT_CONVERSION = YES;
				CLANG_WARN_NON_LITERAL_NULL_CONVERSION = YES;
				CLANG_WARN_OBJC_LITERAL_CONVERSION = YES;
				CLANG_WARN_OBJC_ROOT_CLASS = YES_ERROR;
				CLANG_WARN_RANGE_LOOP_ANALYSIS = YES;
				CLANG_WARN_STRICT_PROTOTYPES = YES;
				CLANG_WARN_SUSPICIOUS_MOVE = YES;
				CLANG_WARN_UNGUARDED_AVAILABILITY = YES_AGGRESSIVE;
				CLANG_WARN_UNREACHABLE_CODE = YES;
				CLANG_WARN__DUPLICATE_METHOD_MATCH = YES;
				CODE_SIGN_IDENTITY = "iPhone Developer";
				COPY_PHASE_STRIP = NO;
				DEBUG_INFORMATION_FORMAT = "dwarf-with-dsym";
				ENABLE_NS_ASSERTIONS = NO;
				ENABLE_STRICT_OBJC_MSGSEND = YES;
				GCC_C_LANGUAGE_STANDARD = gnu11;
				GCC_NO_COMMON_BLOCKS = YES;
				GCC_WARN_64_TO_32_BIT_CONVERSION = YES;
				GCC_WARN_ABOUT_RETURN_TYPE = YES_ERROR;
				GCC_WARN_UNDECLARED_SELECTOR = YES;
				GCC_WARN_UNINITIALIZED_AUTOS = YES_AGGRESSIVE;
				GCC_WARN_UNUSED_FUNCTION = YES;
				GCC_WARN_UNUSED_VARIABLE = YES;
				IPHONEOS_DEPLOYMENT_TARGET = 11.0;
				MTL_ENABLE_DEBUG_INFO = NO;
				SDKROOT = iphoneos;
				SWIFT_OPTIMIZATION_LEVEL = "-Owholemodule";
				VALIDATE_PRODUCT = YES;
			};
			name = Release;
		};
		64CB495B1F41898D00346935 /* Debug */ = {
			isa = XCBuildConfiguration;
			baseConfigurationReference = 6FC6499E6341076545B7C581 /* Pods-Smack.debug.xcconfig */;
			buildSettings = {
				ASSETCATALOG_COMPILER_APPICON_NAME = AppIcon;
				CLANG_ENABLE_MODULES = YES;
				DEVELOPMENT_TEAM = 938M7XW9DC;
				INFOPLIST_FILE = Smack/Info.plist;
				LD_RUNPATH_SEARCH_PATHS = "$(inherited) @executable_path/Frameworks";
				PRODUCT_BUNDLE_IDENTIFIER = com.aure.Smack;
				PRODUCT_NAME = "$(TARGET_NAME)";
				SWIFT_OBJC_BRIDGING_HEADER = "Supporting Files/Smack-Bridging-Header.h";
				SWIFT_OPTIMIZATION_LEVEL = "-Onone";
				SWIFT_VERSION = 4.0;
				TARGETED_DEVICE_FAMILY = "1,2";
			};
			name = Debug;
		};
		64CB495C1F41898D00346935 /* Release */ = {
			isa = XCBuildConfiguration;
			baseConfigurationReference = F9DE1B26F07F5167FAD9E077 /* Pods-Smack.release.xcconfig */;
			buildSettings = {
				ASSETCATALOG_COMPILER_APPICON_NAME = AppIcon;
				CLANG_ENABLE_MODULES = YES;
				DEVELOPMENT_TEAM = 938M7XW9DC;
				INFOPLIST_FILE = Smack/Info.plist;
				LD_RUNPATH_SEARCH_PATHS = "$(inherited) @executable_path/Frameworks";
				PRODUCT_BUNDLE_IDENTIFIER = com.aure.Smack;
				PRODUCT_NAME = "$(TARGET_NAME)";
				SWIFT_OBJC_BRIDGING_HEADER = "Supporting Files/Smack-Bridging-Header.h";
				SWIFT_VERSION = 4.0;
				TARGETED_DEVICE_FAMILY = "1,2";
			};
			name = Release;
		};
/* End XCBuildConfiguration section */

/* Begin XCConfigurationList section */
		64CB49431F41898D00346935 /* Build configuration list for PBXProject "Smack" */ = {
			isa = XCConfigurationList;
			buildConfigurations = (
				64CB49581F41898D00346935 /* Debug */,
				64CB49591F41898D00346935 /* Release */,
			);
			defaultConfigurationIsVisible = 0;
			defaultConfigurationName = Release;
		};
		64CB495A1F41898D00346935 /* Build configuration list for PBXNativeTarget "Smack" */ = {
			isa = XCConfigurationList;
			buildConfigurations = (
				64CB495B1F41898D00346935 /* Debug */,
				64CB495C1F41898D00346935 /* Release */,
			);
			defaultConfigurationIsVisible = 0;
			defaultConfigurationName = Release;
		};
/* End XCConfigurationList section */
	};
	rootObject = 64CB49401F41898D00346935 /* Project object */;
}
